
Microsoft Visual Studio Solution File, Format Version 12.00
# Visual Studio Version 17
VisualStudioVersion = 17.1.32421.90
MinimumVisualStudioVersion = 10.0.40219.1
Project("{FAE04EC0-301F-11D3-BF4B-00C04F79EFBC}") = "Weather", "Weather.csproj", "{08586FE6-9F12-47EA-B815-C720B70D54A8}"
EndProject
Project("{FAE04EC0-301F-11D3-BF4B-00C04F79EFBC}") = "DataAccessLayer", "..\DataAccessLayer\DataAccessLayer.csproj", "{D114352B-6287-4424-A3C7-B1D466D8214A}"
EndProject
Project("{FAE04EC0-301F-11D3-BF4B-00C04F79EFBC}") = "BussinessLayer", "..\BussinessLayer\BussinessLayer.csproj", "{05AD09D3-21D6-4BCC-8CD3-36A86A2E2A82}"
EndProject
Global
	GlobalSection(SolutionConfigurationPlatforms) = preSolution
		Debug|Any CPU = Debug|Any CPU
		Release|Any CPU = Release|Any CPU
	EndGlobalSection
	GlobalSection(ProjectConfigurationPlatforms) = postSolution
		{08586FE6-9F12-47EA-B815-C720B70D54A8}.Debug|Any CPU.ActiveCfg = Debug|Any CPU
		{08586FE6-9F12-47EA-B815-C720B70D54A8}.Debug|Any CPU.Build.0 = Debug|Any CPU
		{08586FE6-9F12-47EA-B815-C720B70D54A8}.Release|Any CPU.ActiveCfg = Release|Any CPU
		{08586FE6-9F12-47EA-B815-C720B70D54A8}.Release|Any CPU.Build.0 = Release|Any CPU
		{D114352B-6287-4424-A3C7-B1D466D8214A}.Debug|Any CPU.ActiveCfg = Debug|Any CPU
		{D114352B-6287-4424-A3C7-B1D466D8214A}.Debug|Any CPU.Build.0 = Debug|Any CPU
		{D114352B-6287-4424-A3C7-B1D466D8214A}.Release|Any CPU.ActiveCfg = Release|Any CPU
		{D114352B-6287-4424-A3C7-B1D466D8214A}.Release|Any CPU.Build.0 = Release|Any CPU
		{05AD09D3-21D6-4BCC-8CD3-36A86A2E2A82}.Debug|Any CPU.ActiveCfg = Debug|Any CPU
		{05AD09D3-21D6-4BCC-8CD3-36A86A2E2A82}.Debug|Any CPU.Build.0 = Debug|Any CPU
		{05AD09D3-21D6-4BCC-8CD3-36A86A2E2A82}.Release|Any CPU.ActiveCfg = Release|Any CPU
		{05AD09D3-21D6-4BCC-8CD3-36A86A2E2A82}.Release|Any CPU.Build.0 = Release|Any CPU
	EndGlobalSection
	GlobalSection(SolutionProperties) = preSolution
		HideSolutionNode = FALSE
	EndGlobalSection
	GlobalSection(ExtensibilityGlobals) = postSolution
		SolutionGuid = {0769396E-4A15-4F34-BE7C-032A6DC35065}
	EndGlobalSection
EndGlobal
