
Microsoft Visual Studio Solution File, Format Version 12.00
# Visual Studio Version 17
VisualStudioVersion = 17.1.32421.90
MinimumVisualStudioVersion = 10.0.40219.1
Project("{9A19103F-16F7-4668-BE54-9A1E7A4F7556}") = "IsRoleDemo", "IsRoleDemo.csproj", "{55A6FD4E-B15F-4126-8EDA-B04CB3B75A9D}"
EndProject
Project("{FAE04EC0-301F-11D3-BF4B-00C04F79EFBC}") = "IdWebApi", "..\IdWebApi\IdWebApi.csproj", "{10B71083-09DB-4CFB-A2BA-5444D2378ECF}"
EndProject
Global
	GlobalSection(SolutionConfigurationPlatforms) = preSolution
		Debug|Any CPU = Debug|Any CPU
		Release|Any CPU = Release|Any CPU
	EndGlobalSection
	GlobalSection(ProjectConfigurationPlatforms) = postSolution
		{55A6FD4E-B15F-4126-8EDA-B04CB3B75A9D}.Debug|Any CPU.ActiveCfg = Debug|Any CPU
		{55A6FD4E-B15F-4126-8EDA-B04CB3B75A9D}.Debug|Any CPU.Build.0 = Debug|Any CPU
		{55A6FD4E-B15F-4126-8EDA-B04CB3B75A9D}.Release|Any CPU.ActiveCfg = Release|Any CPU
		{55A6FD4E-B15F-4126-8EDA-B04CB3B75A9D}.Release|Any CPU.Build.0 = Release|Any CPU
		{10B71083-09DB-4CFB-A2BA-5444D2378ECF}.Debug|Any CPU.ActiveCfg = Debug|Any CPU
		{10B71083-09DB-4CFB-A2BA-5444D2378ECF}.Debug|Any CPU.Build.0 = Debug|Any CPU
		{10B71083-09DB-4CFB-A2BA-5444D2378ECF}.Release|Any CPU.ActiveCfg = Release|Any CPU
		{10B71083-09DB-4CFB-A2BA-5444D2378ECF}.Release|Any CPU.Build.0 = Release|Any CPU
	EndGlobalSection
	GlobalSection(SolutionProperties) = preSolution
		HideSolutionNode = FALSE
	EndGlobalSection
	GlobalSection(ExtensibilityGlobals) = postSolution
		SolutionGuid = {E940DF84-7D1E-4842-AEB7-6456AE067A82}
	EndGlobalSection
EndGlobal
